
Microsoft Visual Studio Solution File, Format Version 12.00
# Visual Studio 15
VisualStudioVersion = 15.0.28307.852
MinimumVisualStudioVersion = 10.0.40219.1
Project("{FAE04EC0-301F-11D3-BF4B-00C04F79EFBC}") = "LearnEntityFramework", "LearnEntityFramework\LearnEntityFramework.csproj", "{5E4B8221-9F2D-414E-B9DD-E8F0F0E0A7DA}"
EndProject
Global
	GlobalSection(SolutionConfigurationPlatforms) = preSolution
		Debug|Any CPU = Debug|Any CPU
		Release|Any CPU = Release|Any CPU
	EndGlobalSection
	GlobalSection(ProjectConfigurationPlatforms) = postSolution
		{5E4B8221-9F2D-414E-B9DD-E8F0F0E0A7DA}.Debug|Any CPU.ActiveCfg = Debug|Any CPU
		{5E4B8221-9F2D-414E-B9DD-E8F0F0E0A7DA}.Debug|Any CPU.Build.0 = Debug|Any CPU
		{5E4B8221-9F2D-414E-B9DD-E8F0F0E0A7DA}.Release|Any CPU.ActiveCfg = Release|Any CPU
		{5E4B8221-9F2D-414E-B9DD-E8F0F0E0A7DA}.Release|Any CPU.Build.0 = Release|Any CPU
	EndGlobalSection
	GlobalSection(SolutionProperties) = preSolution
		HideSolutionNode = FALSE
	EndGlobalSection
	GlobalSection(ExtensibilityGlobals) = postSolution
		SolutionGuid = {6987B1F2-A5D5-47E3-8E3C-6164D071AF9E}
	EndGlobalSection
EndGlobal
